
Microsoft Visual Studio Solution File, Format Version 12.00
# Visual Studio Version 17
VisualStudioVersion = 17.5.33516.290
MinimumVisualStudioVersion = 10.0.40219.1
Project("{9A19103F-16F7-4668-BE54-9A1E7A4F7556}") = "Inwentaryzacja", "Inwentaryzacja.csproj", "{4A0506CE-6FE3-4C84-BBD2-DA3A7853B796}"
EndProject
Project("{2150E333-8FDC-42A3-9474-1A3956D46DE8}") = "Solution Items", "Solution Items", "{4A6BAB8B-C719-493D-82D1-0C4DED5C6CB6}"
EndProject
Global
	GlobalSection(SolutionConfigurationPlatforms) = preSolution
		Debug|Any CPU = Debug|Any CPU
		Release|Any CPU = Release|Any CPU
	EndGlobalSection
	GlobalSection(ProjectConfigurationPlatforms) = postSolution
		{4A0506CE-6FE3-4C84-BBD2-DA3A7853B796}.Debug|Any CPU.ActiveCfg = Debug|Any CPU
		{4A0506CE-6FE3-4C84-BBD2-DA3A7853B796}.Debug|Any CPU.Build.0 = Debug|Any CPU
		{4A0506CE-6FE3-4C84-BBD2-DA3A7853B796}.Release|Any CPU.ActiveCfg = Release|Any CPU
		{4A0506CE-6FE3-4C84-BBD2-DA3A7853B796}.Release|Any CPU.Build.0 = Release|Any CPU
	EndGlobalSection
	GlobalSection(SolutionProperties) = preSolution
		HideSolutionNode = FALSE
	EndGlobalSection
	GlobalSection(ExtensibilityGlobals) = postSolution
		SolutionGuid = {395C3C2B-B26E-41A9-BEE0-3EAF3A82F072}
	EndGlobalSection
EndGlobal
